
Microsoft Visual Studio Solution File, Format Version 12.00
# Visual Studio Version 17
VisualStudioVersion = 17.3.32929.385
MinimumVisualStudioVersion = 10.0.40219.1
Project("{FAE04EC0-301F-11D3-BF4B-00C04F79EFBC}") = "olio-ohjelmointi", "olio-ohjelmointi.csproj", "{F4C18E0A-E637-48B8-B44F-A9921180F9D0}"
EndProject
Project("{FAE04EC0-301F-11D3-BF4B-00C04F79EFBC}") = "harjoitus1", "..\harjoitus1\harjoitus1.csproj", "{2E54A23A-544A-4CFF-83BB-C04FB82141F9}"
EndProject
Project("{FAE04EC0-301F-11D3-BF4B-00C04F79EFBC}") = "Harjoitus2", "..\Harjoitus2\Harjoitus2.csproj", "{BCA79C65-BDA7-4F99-8B9A-CDBC17224328}"
EndProject
Project("{FAE04EC0-301F-11D3-BF4B-00C04F79EFBC}") = "albumi", "..\albumi\albumi.csproj", "{DDAE4682-9E49-47D7-9D93-5240E372D7D8}"
EndProject
Project("{FAE04EC0-301F-11D3-BF4B-00C04F79EFBC}") = "Harjoitus 5 laskin", "..\Harjoitus 5 laskin\Harjoitus 5 laskin.csproj", "{845DA7A2-9B3F-472F-A84D-C8CD418C3DD6}"
EndProject
Project("{FAE04EC0-301F-11D3-BF4B-00C04F79EFBC}") = "Eläimet", "..\Eläimet\Eläimet.csproj", "{FB71614C-625E-4304-BB2E-55F19586A904}"
EndProject
Global
	GlobalSection(SolutionConfigurationPlatforms) = preSolution
		Debug|Any CPU = Debug|Any CPU
		Release|Any CPU = Release|Any CPU
	EndGlobalSection
	GlobalSection(ProjectConfigurationPlatforms) = postSolution
		{F4C18E0A-E637-48B8-B44F-A9921180F9D0}.Debug|Any CPU.ActiveCfg = Debug|Any CPU
		{F4C18E0A-E637-48B8-B44F-A9921180F9D0}.Debug|Any CPU.Build.0 = Debug|Any CPU
		{F4C18E0A-E637-48B8-B44F-A9921180F9D0}.Release|Any CPU.ActiveCfg = Release|Any CPU
		{F4C18E0A-E637-48B8-B44F-A9921180F9D0}.Release|Any CPU.Build.0 = Release|Any CPU
		{2E54A23A-544A-4CFF-83BB-C04FB82141F9}.Debug|Any CPU.ActiveCfg = Debug|Any CPU
		{2E54A23A-544A-4CFF-83BB-C04FB82141F9}.Debug|Any CPU.Build.0 = Debug|Any CPU
		{2E54A23A-544A-4CFF-83BB-C04FB82141F9}.Release|Any CPU.ActiveCfg = Release|Any CPU
		{2E54A23A-544A-4CFF-83BB-C04FB82141F9}.Release|Any CPU.Build.0 = Release|Any CPU
		{BCA79C65-BDA7-4F99-8B9A-CDBC17224328}.Debug|Any CPU.ActiveCfg = Debug|Any CPU
		{BCA79C65-BDA7-4F99-8B9A-CDBC17224328}.Debug|Any CPU.Build.0 = Debug|Any CPU
		{BCA79C65-BDA7-4F99-8B9A-CDBC17224328}.Release|Any CPU.ActiveCfg = Release|Any CPU
		{BCA79C65-BDA7-4F99-8B9A-CDBC17224328}.Release|Any CPU.Build.0 = Release|Any CPU
		{DDAE4682-9E49-47D7-9D93-5240E372D7D8}.Debug|Any CPU.ActiveCfg = Debug|Any CPU
		{DDAE4682-9E49-47D7-9D93-5240E372D7D8}.Debug|Any CPU.Build.0 = Debug|Any CPU
		{DDAE4682-9E49-47D7-9D93-5240E372D7D8}.Release|Any CPU.ActiveCfg = Release|Any CPU
		{DDAE4682-9E49-47D7-9D93-5240E372D7D8}.Release|Any CPU.Build.0 = Release|Any CPU
		{845DA7A2-9B3F-472F-A84D-C8CD418C3DD6}.Debug|Any CPU.ActiveCfg = Debug|Any CPU
		{845DA7A2-9B3F-472F-A84D-C8CD418C3DD6}.Debug|Any CPU.Build.0 = Debug|Any CPU
		{845DA7A2-9B3F-472F-A84D-C8CD418C3DD6}.Release|Any CPU.ActiveCfg = Release|Any CPU
		{845DA7A2-9B3F-472F-A84D-C8CD418C3DD6}.Release|Any CPU.Build.0 = Release|Any CPU
		{FB71614C-625E-4304-BB2E-55F19586A904}.Debug|Any CPU.ActiveCfg = Debug|Any CPU
		{FB71614C-625E-4304-BB2E-55F19586A904}.Debug|Any CPU.Build.0 = Debug|Any CPU
		{FB71614C-625E-4304-BB2E-55F19586A904}.Release|Any CPU.ActiveCfg = Release|Any CPU
		{FB71614C-625E-4304-BB2E-55F19586A904}.Release|Any CPU.Build.0 = Release|Any CPU
	EndGlobalSection
	GlobalSection(SolutionProperties) = preSolution
		HideSolutionNode = FALSE
	EndGlobalSection
	GlobalSection(ExtensibilityGlobals) = postSolution
		SolutionGuid = {93A5B696-DC7B-4D28-9E2B-17A53BA67C82}
	EndGlobalSection
EndGlobal
