
Microsoft Visual Studio Solution File, Format Version 12.00
# Visual Studio Version 17
VisualStudioVersion = 17.3.32929.385
MinimumVisualStudioVersion = 10.0.40219.1
Project("{FAE04EC0-301F-11D3-BF4B-00C04F79EFBC}") = "olio-ohjelmointi", "olio-ohjelmointi.csproj", "{F4C18E0A-E637-48B8-B44F-A9921180F9D0}"
EndProject
Project("{FAE04EC0-301F-11D3-BF4B-00C04F79EFBC}") = "harjoitus1", "..\harjoitus1\harjoitus1.csproj", "{2E54A23A-544A-4CFF-83BB-C04FB82141F9}"
EndProject
Global
	GlobalSection(SolutionConfigurationPlatforms) = preSolution
		Debug|Any CPU = Debug|Any CPU
		Release|Any CPU = Release|Any CPU
	EndGlobalSection
	GlobalSection(ProjectConfigurationPlatforms) = postSolution
		{F4C18E0A-E637-48B8-B44F-A9921180F9D0}.Debug|Any CPU.ActiveCfg = Debug|Any CPU
		{F4C18E0A-E637-48B8-B44F-A9921180F9D0}.Debug|Any CPU.Build.0 = Debug|Any CPU
		{F4C18E0A-E637-48B8-B44F-A9921180F9D0}.Release|Any CPU.ActiveCfg = Release|Any CPU
		{F4C18E0A-E637-48B8-B44F-A9921180F9D0}.Release|Any CPU.Build.0 = Release|Any CPU
		{2E54A23A-544A-4CFF-83BB-C04FB82141F9}.Debug|Any CPU.ActiveCfg = Debug|Any CPU
		{2E54A23A-544A-4CFF-83BB-C04FB82141F9}.Debug|Any CPU.Build.0 = Debug|Any CPU
		{2E54A23A-544A-4CFF-83BB-C04FB82141F9}.Release|Any CPU.ActiveCfg = Release|Any CPU
		{2E54A23A-544A-4CFF-83BB-C04FB82141F9}.Release|Any CPU.Build.0 = Release|Any CPU
	EndGlobalSection
	GlobalSection(SolutionProperties) = preSolution
		HideSolutionNode = FALSE
	EndGlobalSection
	GlobalSection(ExtensibilityGlobals) = postSolution
		SolutionGuid = {93A5B696-DC7B-4D28-9E2B-17A53BA67C82}
	EndGlobalSection
EndGlobal
